
Microsoft Visual Studio Solution File, Format Version 12.00
Project("{FAE04EC0-301F-11D3-BF4B-00C04F79EFBC}") = "ImdbProxy", "ImdbProxy\ImdbProxy.csproj", "{B4060ED9-72FA-4AB1-A739-71756A18F75C}"
EndProject
Global
	GlobalSection(SolutionConfigurationPlatforms) = preSolution
		Debug|Any CPU = Debug|Any CPU
		Release|Any CPU = Release|Any CPU
	EndGlobalSection
	GlobalSection(ProjectConfigurationPlatforms) = postSolution
		{B4060ED9-72FA-4AB1-A739-71756A18F75C}.Debug|Any CPU.ActiveCfg = Debug|Any CPU
		{B4060ED9-72FA-4AB1-A739-71756A18F75C}.Debug|Any CPU.Build.0 = Debug|Any CPU
		{B4060ED9-72FA-4AB1-A739-71756A18F75C}.Release|Any CPU.ActiveCfg = Release|Any CPU
		{B4060ED9-72FA-4AB1-A739-71756A18F75C}.Release|Any CPU.Build.0 = Release|Any CPU
	EndGlobalSection
EndGlobal
